
Microsoft Visual Studio Solution File, Format Version 12.00
# Visual Studio Version 17
VisualStudioVersion = 17.13.35825.156
MinimumVisualStudioVersion = 10.0.40219.1
Project("{FAE04EC0-301F-11D3-BF4B-00C04F79EFBC}") = "WmsCore", "WmsCore.csproj", "{D9241FAA-D6F5-49B3-BECE-D87EDA550887}"
EndProject
Global
	GlobalSection(SolutionConfigurationPlatforms) = preSolution
		Debug|Any CPU = Debug|Any CPU
		Release|Any CPU = Release|Any CPU
	EndGlobalSection
	GlobalSection(ProjectConfigurationPlatforms) = postSolution
		{D9241FAA-D6F5-49B3-BECE-D87EDA550887}.Debug|Any CPU.ActiveCfg = Debug|Any CPU
		{D9241FAA-D6F5-49B3-BECE-D87EDA550887}.Debug|Any CPU.Build.0 = Debug|Any CPU
		{D9241FAA-D6F5-49B3-BECE-D87EDA550887}.Release|Any CPU.ActiveCfg = Release|Any CPU
		{D9241FAA-D6F5-49B3-BECE-D87EDA550887}.Release|Any CPU.Build.0 = Release|Any CPU
	EndGlobalSection
	GlobalSection(SolutionProperties) = preSolution
		HideSolutionNode = FALSE
	EndGlobalSection
	GlobalSection(ExtensibilityGlobals) = postSolution
		SolutionGuid = {833254DA-8D8B-4A60-A0A1-A4D4D58DD454}
	EndGlobalSection
EndGlobal
